{
   "name": "@grakkit/js",
   "version": "1.0.0",
   "lockfileVersion": 2,
   "requires": true,
   "packages": {
      "": {
         "name": "@grakkit/js",
         "version": "1.0.0",
         "dependencies": {
            "@grakkit/stdlib": "1.0.0"
         }
      },
      "node_modules/@grakkit/stdlib": {
         "version": "1.0.0",
         "resolved": "https://registry.npmjs.org/@grakkit/stdlib/-/stdlib-1.0.0.tgz",
         "integrity": "sha512-FKKuk1tbAOwLn+UwnwtLmsKMGK8OWmQRAcFCh2Aai5oMJk1/Ge1kvh7tZLd++1V5eAiulpgZqyM3AuIw8datWA==",
         "dependencies": {
            "@grakkit/types": "1.0.0"
         }
      },
      "node_modules/@grakkit/types": {
         "version": "1.0.0",
         "resolved": "https://registry.npmjs.org/@grakkit/types/-/types-1.0.0.tgz",
         "integrity": "sha512-MN1WVPL7aKMd5jv3fYYz8YWUkTsX+2WbGoZmNiMNLWDTseV7bbCR1JOileO/EGI2Hp691v85FFfOHjy7/qT0lg=="
      }
   },
   "dependencies": {
      "@grakkit/stdlib": {
         "version": "1.0.0",
         "resolved": "https://registry.npmjs.org/@grakkit/stdlib/-/stdlib-1.0.0.tgz",
         "integrity": "sha512-FKKuk1tbAOwLn+UwnwtLmsKMGK8OWmQRAcFCh2Aai5oMJk1/Ge1kvh7tZLd++1V5eAiulpgZqyM3AuIw8datWA==",
         "requires": {
            "@grakkit/types": "1.0.0"
         }
      },
      "@grakkit/types": {
         "version": "1.0.0",
         "resolved": "https://registry.npmjs.org/@grakkit/types/-/types-1.0.0.tgz",
         "integrity": "sha512-MN1WVPL7aKMd5jv3fYYz8YWUkTsX+2WbGoZmNiMNLWDTseV7bbCR1JOileO/EGI2Hp691v85FFfOHjy7/qT0lg=="
      }
   }
}
