{
   "name": "@grakkit/stdlib-paper",
   "version": "1.0.11",
   "lockfileVersion": 2,
   "requires": true,
   "packages": {
      "": {
         "name": "@grakkit/stdlib-paper",
         "version": "1.0.11",
         "dependencies": {
            "@grakkit/js": "1.0.1",
            "@grakkit/stdlib": "1.0.5",
            "@grakkit/types-paper": "1.0.1"
         }
      },
      "node_modules/@grakkit/js": {
         "version": "1.0.1",
         "resolved": "https://registry.npmjs.org/@grakkit/js/-/js-1.0.1.tgz",
         "integrity": "sha512-fE7FRy58XMWARpoixFlvuC0L9Pko80mB4iiL/7m721eXGCEFOxsoJ0FYrpXiBkG/eDAlwl7qzMnAcOJNbkgiww==",
         "dependencies": {
            "@grakkit/stdlib": "1.0.3"
         }
      },
      "node_modules/@grakkit/js/node_modules/@grakkit/stdlib": {
         "version": "1.0.3",
         "resolved": "https://registry.npmjs.org/@grakkit/stdlib/-/stdlib-1.0.3.tgz",
         "integrity": "sha512-Z+S4RY4nbzdpRoLTU06F4zD3QW7KevA0IEYtkRUFzNh1gaZUDXbM8euFz9RwueHV6j8o7QgBomUo47uC2GXfAA==",
         "dependencies": {
            "@grakkit/types": "1.0.0"
         }
      },
      "node_modules/@grakkit/stdlib": {
         "version": "1.0.5",
         "resolved": "https://registry.npmjs.org/@grakkit/stdlib/-/stdlib-1.0.5.tgz",
         "integrity": "sha512-XpEmT8dEBSuI9+VVUbg6MMZoPJEnUZJstwG8pXFK38Ls/Ouhnq+vM+k7qMwb38crIES+IogdMdg+WW6loaaWBA==",
         "dependencies": {
            "@grakkit/types": "1.0.0"
         }
      },
      "node_modules/@grakkit/types": {
         "version": "1.0.0",
         "resolved": "https://registry.npmjs.org/@grakkit/types/-/types-1.0.0.tgz",
         "integrity": "sha512-MN1WVPL7aKMd5jv3fYYz8YWUkTsX+2WbGoZmNiMNLWDTseV7bbCR1JOileO/EGI2Hp691v85FFfOHjy7/qT0lg=="
      },
      "node_modules/@grakkit/types-paper": {
         "version": "1.0.1",
         "resolved": "https://registry.npmjs.org/@grakkit/types-paper/-/types-paper-1.0.1.tgz",
         "integrity": "sha512-D39sbrY/FVK0roHlPS7Oa5BQTIZxVjITLTnVFzmZ2BEGRhDjF/N8V1eFGB6wcZL4Gyu41HgWFBEctGo7BBskGw==",
         "dependencies": {
            "@grakkit/types": "1.0.0"
         }
      }
   },
   "dependencies": {
      "@grakkit/js": {
         "version": "1.0.1",
         "resolved": "https://registry.npmjs.org/@grakkit/js/-/js-1.0.1.tgz",
         "integrity": "sha512-fE7FRy58XMWARpoixFlvuC0L9Pko80mB4iiL/7m721eXGCEFOxsoJ0FYrpXiBkG/eDAlwl7qzMnAcOJNbkgiww==",
         "requires": {
            "@grakkit/stdlib": "1.0.3"
         },
         "dependencies": {
            "@grakkit/stdlib": {
               "version": "1.0.3",
               "resolved": "https://registry.npmjs.org/@grakkit/stdlib/-/stdlib-1.0.3.tgz",
               "integrity": "sha512-Z+S4RY4nbzdpRoLTU06F4zD3QW7KevA0IEYtkRUFzNh1gaZUDXbM8euFz9RwueHV6j8o7QgBomUo47uC2GXfAA==",
               "requires": {
                  "@grakkit/types": "1.0.0"
               }
            }
         }
      },
      "@grakkit/stdlib": {
         "version": "1.0.5",
         "resolved": "https://registry.npmjs.org/@grakkit/stdlib/-/stdlib-1.0.5.tgz",
         "integrity": "sha512-XpEmT8dEBSuI9+VVUbg6MMZoPJEnUZJstwG8pXFK38Ls/Ouhnq+vM+k7qMwb38crIES+IogdMdg+WW6loaaWBA==",
         "requires": {
            "@grakkit/types": "1.0.0"
         }
      },
      "@grakkit/types": {
         "version": "1.0.0",
         "resolved": "https://registry.npmjs.org/@grakkit/types/-/types-1.0.0.tgz",
         "integrity": "sha512-MN1WVPL7aKMd5jv3fYYz8YWUkTsX+2WbGoZmNiMNLWDTseV7bbCR1JOileO/EGI2Hp691v85FFfOHjy7/qT0lg=="
      },
      "@grakkit/types-paper": {
         "version": "1.0.1",
         "resolved": "https://registry.npmjs.org/@grakkit/types-paper/-/types-paper-1.0.1.tgz",
         "integrity": "sha512-D39sbrY/FVK0roHlPS7Oa5BQTIZxVjITLTnVFzmZ2BEGRhDjF/N8V1eFGB6wcZL4Gyu41HgWFBEctGo7BBskGw==",
         "requires": {
            "@grakkit/types": "1.0.0"
         }
      }
   }
}
