{
   "name": "@grakkit/socket",
   "version": "1.0.4",
   "lockfileVersion": 2,
   "requires": true,
   "packages": {
      "": {
         "name": "@grakkit/socket",
         "version": "1.0.4",
         "dependencies": {
            "@grakkit/stdlib": "1.0.4",
            "@harrix432/events": "1.0.0"
         }
      },
      "node_modules/@grakkit/stdlib": {
         "version": "1.0.4",
         "resolved": "https://registry.npmjs.org/@grakkit/stdlib/-/stdlib-1.0.4.tgz",
         "integrity": "sha512-lVq5DO1YhLOSCORjC0wmcfIYKkBlHfe2X26/rVMJWCIXX3gplmgL9bMtNQfUle4i2lHlMHCeKJ/DMarbsXvwig==",
         "dependencies": {
            "@grakkit/types": "1.0.0"
         }
      },
      "node_modules/@grakkit/types": {
         "version": "1.0.0",
         "resolved": "https://registry.npmjs.org/@grakkit/types/-/types-1.0.0.tgz",
         "integrity": "sha512-MN1WVPL7aKMd5jv3fYYz8YWUkTsX+2WbGoZmNiMNLWDTseV7bbCR1JOileO/EGI2Hp691v85FFfOHjy7/qT0lg=="
      },
      "node_modules/@harrix432/events": {
         "version": "1.0.0",
         "resolved": "https://registry.npmjs.org/@harrix432/events/-/events-1.0.0.tgz",
         "integrity": "sha512-UW3YpxPi5b0Z6pEzezYCl9Vw0/4pn4evUdGQI1ju48lNifWHn6kdgdz81zj12t5sqp6t9Ph5S8XRuyzV59So5w=="
      }
   },
   "dependencies": {
      "@grakkit/stdlib": {
         "version": "1.0.4",
         "resolved": "https://registry.npmjs.org/@grakkit/stdlib/-/stdlib-1.0.4.tgz",
         "integrity": "sha512-lVq5DO1YhLOSCORjC0wmcfIYKkBlHfe2X26/rVMJWCIXX3gplmgL9bMtNQfUle4i2lHlMHCeKJ/DMarbsXvwig==",
         "requires": {
            "@grakkit/types": "1.0.0"
         }
      },
      "@grakkit/types": {
         "version": "1.0.0",
         "resolved": "https://registry.npmjs.org/@grakkit/types/-/types-1.0.0.tgz",
         "integrity": "sha512-MN1WVPL7aKMd5jv3fYYz8YWUkTsX+2WbGoZmNiMNLWDTseV7bbCR1JOileO/EGI2Hp691v85FFfOHjy7/qT0lg=="
      },
      "@harrix432/events": {
         "version": "1.0.0",
         "resolved": "https://registry.npmjs.org/@harrix432/events/-/events-1.0.0.tgz",
         "integrity": "sha512-UW3YpxPi5b0Z6pEzezYCl9Vw0/4pn4evUdGQI1ju48lNifWHn6kdgdz81zj12t5sqp6t9Ph5S8XRuyzV59So5w=="
      }
   }
}
