{
   "name": "@grakkit/codify",
   "version": "1.0.5",
   "lockfileVersion": 2,
   "requires": true,
   "packages": {
      "": {
         "name": "@grakkit/codify",
         "version": "1.0.5",
         "dependencies": {
            "@grakkit/stdlib-paper": "1.0.14"
         }
      },
      "node_modules/@grakkit/js": {
         "version": "1.0.2",
         "resolved": "https://registry.npmjs.org/@grakkit/js/-/js-1.0.2.tgz",
         "integrity": "sha512-G0PQSk5EUAeQPNrw/mwgquUH52XalH3ocny3QrXfXrJAnJ9hs9VjWPUd/A/Wz+XY3OQB71I57ATYKg4J0n/aLw==",
         "dependencies": {
            "@grakkit/stdlib": "1.0.6"
         }
      },
      "node_modules/@grakkit/js/node_modules/@grakkit/stdlib": {
         "version": "1.0.6",
         "resolved": "https://registry.npmjs.org/@grakkit/stdlib/-/stdlib-1.0.6.tgz",
         "integrity": "sha512-EvxGa2ZH4OA6tbiiNf/KjLb+jocUMGAIF5fCzUSy67hNdO24Srf+2ChzOD3kri+fkdBw/cRDgOZjRk27vGQKOQ==",
         "dependencies": {
            "@grakkit/types": "1.0.0"
         }
      },
      "node_modules/@grakkit/stdlib": {
         "version": "1.0.7",
         "resolved": "https://registry.npmjs.org/@grakkit/stdlib/-/stdlib-1.0.7.tgz",
         "integrity": "sha512-hSfEMNYXVigRPw3Ssa8/7Ygb/9HmMsTP2j5BYLvtU0R1xMtnuEO89Tr3UIzKmUunWb2bVSPmCPQwKnFYOOc2Mg==",
         "dependencies": {
            "@grakkit/types": "1.0.0"
         }
      },
      "node_modules/@grakkit/stdlib-paper": {
         "version": "1.0.14",
         "resolved": "https://registry.npmjs.org/@grakkit/stdlib-paper/-/stdlib-paper-1.0.14.tgz",
         "integrity": "sha512-OQBF2u4si+Yw8JN1f918vSPNVEbfg9mEZS2HrV1A/G7U9WfPjsE7JkbmzcJ7eoRSOpgXxQDJKVVuWITw2gBPgA==",
         "dependencies": {
            "@grakkit/js": "1.0.2",
            "@grakkit/stdlib": "1.0.7",
            "@grakkit/types-paper": "1.0.1"
         }
      },
      "node_modules/@grakkit/types": {
         "version": "1.0.0",
         "resolved": "https://registry.npmjs.org/@grakkit/types/-/types-1.0.0.tgz",
         "integrity": "sha512-MN1WVPL7aKMd5jv3fYYz8YWUkTsX+2WbGoZmNiMNLWDTseV7bbCR1JOileO/EGI2Hp691v85FFfOHjy7/qT0lg=="
      },
      "node_modules/@grakkit/types-paper": {
         "version": "1.0.1",
         "resolved": "https://registry.npmjs.org/@grakkit/types-paper/-/types-paper-1.0.1.tgz",
         "integrity": "sha512-D39sbrY/FVK0roHlPS7Oa5BQTIZxVjITLTnVFzmZ2BEGRhDjF/N8V1eFGB6wcZL4Gyu41HgWFBEctGo7BBskGw==",
         "dependencies": {
            "@grakkit/types": "1.0.0"
         }
      }
   },
   "dependencies": {
      "@grakkit/js": {
         "version": "1.0.2",
         "resolved": "https://registry.npmjs.org/@grakkit/js/-/js-1.0.2.tgz",
         "integrity": "sha512-G0PQSk5EUAeQPNrw/mwgquUH52XalH3ocny3QrXfXrJAnJ9hs9VjWPUd/A/Wz+XY3OQB71I57ATYKg4J0n/aLw==",
         "requires": {
            "@grakkit/stdlib": "1.0.6"
         },
         "dependencies": {
            "@grakkit/stdlib": {
               "version": "1.0.6",
               "resolved": "https://registry.npmjs.org/@grakkit/stdlib/-/stdlib-1.0.6.tgz",
               "integrity": "sha512-EvxGa2ZH4OA6tbiiNf/KjLb+jocUMGAIF5fCzUSy67hNdO24Srf+2ChzOD3kri+fkdBw/cRDgOZjRk27vGQKOQ==",
               "requires": {
                  "@grakkit/types": "1.0.0"
               }
            }
         }
      },
      "@grakkit/stdlib": {
         "version": "1.0.7",
         "resolved": "https://registry.npmjs.org/@grakkit/stdlib/-/stdlib-1.0.7.tgz",
         "integrity": "sha512-hSfEMNYXVigRPw3Ssa8/7Ygb/9HmMsTP2j5BYLvtU0R1xMtnuEO89Tr3UIzKmUunWb2bVSPmCPQwKnFYOOc2Mg==",
         "requires": {
            "@grakkit/types": "1.0.0"
         }
      },
      "@grakkit/stdlib-paper": {
         "version": "1.0.14",
         "resolved": "https://registry.npmjs.org/@grakkit/stdlib-paper/-/stdlib-paper-1.0.14.tgz",
         "integrity": "sha512-OQBF2u4si+Yw8JN1f918vSPNVEbfg9mEZS2HrV1A/G7U9WfPjsE7JkbmzcJ7eoRSOpgXxQDJKVVuWITw2gBPgA==",
         "requires": {
            "@grakkit/js": "1.0.2",
            "@grakkit/stdlib": "1.0.7",
            "@grakkit/types-paper": "1.0.1"
         }
      },
      "@grakkit/types": {
         "version": "1.0.0",
         "resolved": "https://registry.npmjs.org/@grakkit/types/-/types-1.0.0.tgz",
         "integrity": "sha512-MN1WVPL7aKMd5jv3fYYz8YWUkTsX+2WbGoZmNiMNLWDTseV7bbCR1JOileO/EGI2Hp691v85FFfOHjy7/qT0lg=="
      },
      "@grakkit/types-paper": {
         "version": "1.0.1",
         "resolved": "https://registry.npmjs.org/@grakkit/types-paper/-/types-paper-1.0.1.tgz",
         "integrity": "sha512-D39sbrY/FVK0roHlPS7Oa5BQTIZxVjITLTnVFzmZ2BEGRhDjF/N8V1eFGB6wcZL4Gyu41HgWFBEctGo7BBskGw==",
         "requires": {
            "@grakkit/types": "1.0.0"
         }
      }
   }
}
